// !$*UTF8*$!
{
	archiveVersion = 1;
	classes = {
	};
	objectVersion = 46;
	objects = {

/* Begin PBXBuildFile section */
		1794A56D8E4F9C579D13F8E5 /* Pods_UITCE.framework in Frameworks */ = {isa = PBXBuildFile; fileRef = 1CDBB9815D0796CF8892EC31 /* Pods_UITCE.framework */; };
		F8321AE81E077B3C00900A52 /* AppDelegate.swift in Sources */ = {isa = PBXBuildFile; fileRef = F8321AE71E077B3C00900A52 /* AppDelegate.swift */; };
		F8321AEA1E077B3C00900A52 /* ViewController.swift in Sources */ = {isa = PBXBuildFile; fileRef = F8321AE91E077B3C00900A52 /* ViewController.swift */; };
		F8321AED1E077B3C00900A52 /* Main.storyboard in Resources */ = {isa = PBXBuildFile; fileRef = F8321AEB1E077B3C00900A52 /* Main.storyboard */; };
		F8321AEF1E077B3C00900A52 /* Assets.xcassets in Resources */ = {isa = PBXBuildFile; fileRef = F8321AEE1E077B3C00900A52 /* Assets.xcassets */; };
		F8321AF21E077B3C00900A52 /* LaunchScreen.storyboard in Resources */ = {isa = PBXBuildFile; fileRef = F8321AF01E077B3C00900A52 /* LaunchScreen.storyboard */; };
		F8321AFD1E077B3C00900A52 /* UITCETests.swift in Sources */ = {isa = PBXBuildFile; fileRef = F8321AFC1E077B3C00900A52 /* UITCETests.swift */; };
		F8321B081E077B3C00900A52 /* UITCEUITests.swift in Sources */ = {isa = PBXBuildFile; fileRef = F8321B071E077B3C00900A52 /* UITCEUITests.swift */; };
		F8321B1A1E07826800900A52 /* ImageCollectionViewCell.swift in Sources */ = {isa = PBXBuildFile; fileRef = F8321B181E07826800900A52 /* ImageCollectionViewCell.swift */; };
		F8321B1B1E07826800900A52 /* ImageCollectionViewCell.xib in Resources */ = {isa = PBXBuildFile; fileRef = F8321B191E07826800900A52 /* ImageCollectionViewCell.xib */; };
		F8321B1E1E07834A00900A52 /* 1.jpg in Resources */ = {isa = PBXBuildFile; fileRef = F8321B1D1E07834A00900A52 /* 1.jpg */; };
		F8321B3E1E07C91A00900A52 /* libsqlite3.tbd in Frameworks */ = {isa = PBXBuildFile; fileRef = F8321B3D1E07C91A00900A52 /* libsqlite3.tbd */; };
		F8321B401E07E04700900A52 /* libsqlite3.0.tbd in Frameworks */ = {isa = PBXBuildFile; fileRef = F8321B3F1E07E04700900A52 /* libsqlite3.0.tbd */; };
		F846E52E1E0D25E4001768CB /* background.jpg in Resources */ = {isa = PBXBuildFile; fileRef = F846E52D1E0D25E4001768CB /* background.jpg */; };
		F84948F31E28E3AA001798E7 /* font1.ttf in Resources */ = {isa = PBXBuildFile; fileRef = F84948EB1E28E0CD001798E7 /* font1.ttf */; };
		F84948F41E28E3B8001798E7 /* font2.ttf in Resources */ = {isa = PBXBuildFile; fileRef = F84948EC1E28E0CD001798E7 /* font2.ttf */; };
		F84948F51E28E3B8001798E7 /* font3.ttf in Resources */ = {isa = PBXBuildFile; fileRef = F84948ED1E28E0CD001798E7 /* font3.ttf */; };
		F84948F61E28E3B8001798E7 /* font4.ttf in Resources */ = {isa = PBXBuildFile; fileRef = F84948EE1E28E0CD001798E7 /* font4.ttf */; };
		F84948F71E28E3B8001798E7 /* font5.ttf in Resources */ = {isa = PBXBuildFile; fileRef = F84948EF1E28E0CD001798E7 /* font5.ttf */; };
		F84948F81E28E3B8001798E7 /* font6.ttf in Resources */ = {isa = PBXBuildFile; fileRef = F84948F01E28E0CD001798E7 /* font6.ttf */; };
		F84948F91E28E3B8001798E7 /* font7.ttf in Resources */ = {isa = PBXBuildFile; fileRef = F84948F11E28E0CD001798E7 /* font7.ttf */; };
		F84948FA1E28E3B8001798E7 /* font8.ttf in Resources */ = {isa = PBXBuildFile; fileRef = F84948F21E28E0CD001798E7 /* font8.ttf */; };
		F85712771E10CA7100132DBB /* Toast.swift in Sources */ = {isa = PBXBuildFile; fileRef = F85712761E10CA7100132DBB /* Toast.swift */; };
		F8A4FD281E0C16AC00AD3972 /* ysocket.swift in Sources */ = {isa = PBXBuildFile; fileRef = F8A4FD221E0C16AC00AD3972 /* ysocket.swift */; };
		F8A4FD291E0C16AC00AD3972 /* ytcpsocket.c in Sources */ = {isa = PBXBuildFile; fileRef = F8A4FD231E0C16AC00AD3972 /* ytcpsocket.c */; };
		F8A4FD2A1E0C16AC00AD3972 /* ytcpsocket.swift in Sources */ = {isa = PBXBuildFile; fileRef = F8A4FD241E0C16AC00AD3972 /* ytcpsocket.swift */; };
		F8A4FD2B1E0C16AC00AD3972 /* yudpsocket.c in Sources */ = {isa = PBXBuildFile; fileRef = F8A4FD251E0C16AC00AD3972 /* yudpsocket.c */; };
		F8A4FD2C1E0C16AC00AD3972 /* yudpsocket.swift in Sources */ = {isa = PBXBuildFile; fileRef = F8A4FD261E0C16AC00AD3972 /* yudpsocket.swift */; };
		F8A4FD2F1E0C184B00AD3972 /* SocketManager.swift in Sources */ = {isa = PBXBuildFile; fileRef = F8A4FD2E1E0C184B00AD3972 /* SocketManager.swift */; };
		F8E486E91E08D90E00009C45 /* SwiftData.swift in Sources */ = {isa = PBXBuildFile; fileRef = F8E486E81E08D90E00009C45 /* SwiftData.swift */; };
		F8E486EB1E08E28300009C45 /* DataProviding.swift in Sources */ = {isa = PBXBuildFile; fileRef = F8E486EA1E08E28300009C45 /* DataProviding.swift */; };
		F8E486ED1E092C9500009C45 /* ImportPhotoViewController.swift in Sources */ = {isa = PBXBuildFile; fileRef = F8E486EC1E092C9500009C45 /* ImportPhotoViewController.swift */; };
		F8FD67541E0A225200D49F01 /* SettingViewController.swift in Sources */ = {isa = PBXBuildFile; fileRef = F8FD67531E0A225200D49F01 /* SettingViewController.swift */; };
		F8FD67561E0A227200D49F01 /* DisplayTextViewController.swift in Sources */ = {isa = PBXBuildFile; fileRef = F8FD67551E0A227200D49F01 /* DisplayTextViewController.swift */; };
		F8FD67581E0A228800D49F01 /* DrawImageViewController.swift in Sources */ = {isa = PBXBuildFile; fileRef = F8FD67571E0A228800D49F01 /* DrawImageViewController.swift */; };
		F8FD675A1E0A229500D49F01 /* ClockViewController.swift in Sources */ = {isa = PBXBuildFile; fileRef = F8FD67591E0A229500D49F01 /* ClockViewController.swift */; };
/* End PBXBuildFile section */

/* Begin PBXContainerItemProxy section */
		F8321AF91E077B3C00900A52 /* PBXContainerItemProxy */ = {
			isa = PBXContainerItemProxy;
			containerPortal = F8321ADC1E077B3B00900A52 /* Project object */;
			proxyType = 1;
			remoteGlobalIDString = F8321AE31E077B3B00900A52;
			remoteInfo = UITCE;
		};
		F8321B041E077B3C00900A52 /* PBXContainerItemProxy */ = {
			isa = PBXContainerItemProxy;
			containerPortal = F8321ADC1E077B3B00900A52 /* Project object */;
			proxyType = 1;
			remoteGlobalIDString = F8321AE31E077B3B00900A52;
			remoteInfo = UITCE;
		};
/* End PBXContainerItemProxy section */

/* Begin PBXFileReference section */
		1CDBB9815D0796CF8892EC31 /* Pods_UITCE.framework */ = {isa = PBXFileReference; explicitFileType = wrapper.framework; includeInIndex = 0; path = Pods_UITCE.framework; sourceTree = BUILT_PRODUCTS_DIR; };
		35D8EECF6FCD9C1FB246EEB6 /* Pods-UITCE.release.xcconfig */ = {isa = PBXFileReference; includeInIndex = 1; lastKnownFileType = text.xcconfig; name = "Pods-UITCE.release.xcconfig"; path = "Pods/Target Support Files/Pods-UITCE/Pods-UITCE.release.xcconfig"; sourceTree = "<group>"; };
		50B2E48914BD192CC2211112 /* Pods-UITCE.debug.xcconfig */ = {isa = PBXFileReference; includeInIndex = 1; lastKnownFileType = text.xcconfig; name = "Pods-UITCE.debug.xcconfig"; path = "Pods/Target Support Files/Pods-UITCE/Pods-UITCE.debug.xcconfig"; sourceTree = "<group>"; };
		F8321AE41E077B3C00900A52 /* Droplets.ce.app */ = {isa = PBXFileReference; explicitFileType = wrapper.application; includeInIndex = 0; path = Droplets.ce.app; sourceTree = BUILT_PRODUCTS_DIR; };
		F8321AE71E077B3C00900A52 /* AppDelegate.swift */ = {isa = PBXFileReference; lastKnownFileType = sourcecode.swift; path = AppDelegate.swift; sourceTree = "<group>"; };
		F8321AE91E077B3C00900A52 /* ViewController.swift */ = {isa = PBXFileReference; lastKnownFileType = sourcecode.swift; path = ViewController.swift; sourceTree = "<group>"; };
		F8321AEC1E077B3C00900A52 /* Base */ = {isa = PBXFileReference; lastKnownFileType = file.storyboard; name = Base; path = Base.lproj/Main.storyboard; sourceTree = "<group>"; };
		F8321AEE1E077B3C00900A52 /* Assets.xcassets */ = {isa = PBXFileReference; lastKnownFileType = folder.assetcatalog; path = Assets.xcassets; sourceTree = "<group>"; };
		F8321AF11E077B3C00900A52 /* Base */ = {isa = PBXFileReference; lastKnownFileType = file.storyboard; name = Base; path = Base.lproj/LaunchScreen.storyboard; sourceTree = "<group>"; };
		F8321AF31E077B3C00900A52 /* Info.plist */ = {isa = PBXFileReference; lastKnownFileType = text.plist.xml; path = Info.plist; sourceTree = "<group>"; };
		F8321AF81E077B3C00900A52 /* UITCETests.xctest */ = {isa = PBXFileReference; explicitFileType = wrapper.cfbundle; includeInIndex = 0; path = UITCETests.xctest; sourceTree = BUILT_PRODUCTS_DIR; };
		F8321AFC1E077B3C00900A52 /* UITCETests.swift */ = {isa = PBXFileReference; lastKnownFileType = sourcecode.swift; path = UITCETests.swift; sourceTree = "<group>"; };
		F8321AFE1E077B3C00900A52 /* Info.plist */ = {isa = PBXFileReference; lastKnownFileType = text.plist.xml; path = Info.plist; sourceTree = "<group>"; };
		F8321B031E077B3C00900A52 /* UITCEUITests.xctest */ = {isa = PBXFileReference; explicitFileType = wrapper.cfbundle; includeInIndex = 0; path = UITCEUITests.xctest; sourceTree = BUILT_PRODUCTS_DIR; };
		F8321B071E077B3C00900A52 /* UITCEUITests.swift */ = {isa = PBXFileReference; lastKnownFileType = sourcecode.swift; path = UITCEUITests.swift; sourceTree = "<group>"; };
		F8321B091E077B3C00900A52 /* Info.plist */ = {isa = PBXFileReference; lastKnownFileType = text.plist.xml; path = Info.plist; sourceTree = "<group>"; };
		F8321B181E07826800900A52 /* ImageCollectionViewCell.swift */ = {isa = PBXFileReference; fileEncoding = 4; lastKnownFileType = sourcecode.swift; path = ImageCollectionViewCell.swift; sourceTree = "<group>"; };
		F8321B191E07826800900A52 /* ImageCollectionViewCell.xib */ = {isa = PBXFileReference; fileEncoding = 4; lastKnownFileType = file.xib; path = ImageCollectionViewCell.xib; sourceTree = "<group>"; };
		F8321B1D1E07834A00900A52 /* 1.jpg */ = {isa = PBXFileReference; lastKnownFileType = image.jpeg; path = 1.jpg; sourceTree = "<group>"; };
		F8321B3D1E07C91A00900A52 /* libsqlite3.tbd */ = {isa = PBXFileReference; lastKnownFileType = "sourcecode.text-based-dylib-definition"; name = libsqlite3.tbd; path = usr/lib/libsqlite3.tbd; sourceTree = SDKROOT; };
		F8321B3F1E07E04700900A52 /* libsqlite3.0.tbd */ = {isa = PBXFileReference; lastKnownFileType = "sourcecode.text-based-dylib-definition"; name = libsqlite3.0.tbd; path = usr/lib/libsqlite3.0.tbd; sourceTree = SDKROOT; };
		F8321B431E07E19A00900A52 /* Header.h */ = {isa = PBXFileReference; lastKnownFileType = sourcecode.c.h; path = Header.h; sourceTree = "<group>"; };
		F846E52D1E0D25E4001768CB /* background.jpg */ = {isa = PBXFileReference; lastKnownFileType = image.jpeg; path = background.jpg; sourceTree = "<group>"; };
		F84948EB1E28E0CD001798E7 /* font1.ttf */ = {isa = PBXFileReference; lastKnownFileType = file; path = font1.ttf; sourceTree = "<group>"; };
		F84948EC1E28E0CD001798E7 /* font2.ttf */ = {isa = PBXFileReference; lastKnownFileType = file; path = font2.ttf; sourceTree = "<group>"; };
		F84948ED1E28E0CD001798E7 /* font3.ttf */ = {isa = PBXFileReference; lastKnownFileType = file; path = font3.ttf; sourceTree = "<group>"; };
		F84948EE1E28E0CD001798E7 /* font4.ttf */ = {isa = PBXFileReference; lastKnownFileType = file; path = font4.ttf; sourceTree = "<group>"; };
		F84948EF1E28E0CD001798E7 /* font5.ttf */ = {isa = PBXFileReference; lastKnownFileType = file; path = font5.ttf; sourceTree = "<group>"; };
		F84948F01E28E0CD001798E7 /* font6.ttf */ = {isa = PBXFileReference; lastKnownFileType = file; path = font6.ttf; sourceTree = "<group>"; };
		F84948F11E28E0CD001798E7 /* font7.ttf */ = {isa = PBXFileReference; lastKnownFileType = file; path = font7.ttf; sourceTree = "<group>"; };
		F84948F21E28E0CD001798E7 /* font8.ttf */ = {isa = PBXFileReference; lastKnownFileType = file; path = font8.ttf; sourceTree = "<group>"; };
		F85712761E10CA7100132DBB /* Toast.swift */ = {isa = PBXFileReference; fileEncoding = 4; lastKnownFileType = sourcecode.swift; path = Toast.swift; sourceTree = "<group>"; };
		F8A4FD221E0C16AC00AD3972 /* ysocket.swift */ = {isa = PBXFileReference; fileEncoding = 4; lastKnownFileType = sourcecode.swift; path = ysocket.swift; sourceTree = "<group>"; };
		F8A4FD231E0C16AC00AD3972 /* ytcpsocket.c */ = {isa = PBXFileReference; fileEncoding = 4; lastKnownFileType = sourcecode.c.c; path = ytcpsocket.c; sourceTree = "<group>"; };
		F8A4FD241E0C16AC00AD3972 /* ytcpsocket.swift */ = {isa = PBXFileReference; fileEncoding = 4; lastKnownFileType = sourcecode.swift; path = ytcpsocket.swift; sourceTree = "<group>"; };
		F8A4FD251E0C16AC00AD3972 /* yudpsocket.c */ = {isa = PBXFileReference; fileEncoding = 4; lastKnownFileType = sourcecode.c.c; path = yudpsocket.c; sourceTree = "<group>"; };
		F8A4FD261E0C16AC00AD3972 /* yudpsocket.swift */ = {isa = PBXFileReference; fileEncoding = 4; lastKnownFileType = sourcecode.swift; path = yudpsocket.swift; sourceTree = "<group>"; };
		F8A4FD2E1E0C184B00AD3972 /* SocketManager.swift */ = {isa = PBXFileReference; fileEncoding = 4; lastKnownFileType = sourcecode.swift; path = SocketManager.swift; sourceTree = "<group>"; };
		F8E486E81E08D90E00009C45 /* SwiftData.swift */ = {isa = PBXFileReference; fileEncoding = 4; lastKnownFileType = sourcecode.swift; path = SwiftData.swift; sourceTree = "<group>"; };
		F8E486EA1E08E28300009C45 /* DataProviding.swift */ = {isa = PBXFileReference; fileEncoding = 4; lastKnownFileType = sourcecode.swift; path = DataProviding.swift; sourceTree = "<group>"; };
		F8E486EC1E092C9500009C45 /* ImportPhotoViewController.swift */ = {isa = PBXFileReference; fileEncoding = 4; lastKnownFileType = sourcecode.swift; path = ImportPhotoViewController.swift; sourceTree = "<group>"; };
		F8FD67531E0A225200D49F01 /* SettingViewController.swift */ = {isa = PBXFileReference; fileEncoding = 4; lastKnownFileType = sourcecode.swift; path = SettingViewController.swift; sourceTree = "<group>"; };
		F8FD67551E0A227200D49F01 /* DisplayTextViewController.swift */ = {isa = PBXFileReference; fileEncoding = 4; lastKnownFileType = sourcecode.swift; path = DisplayTextViewController.swift; sourceTree = "<group>"; };
		F8FD67571E0A228800D49F01 /* DrawImageViewController.swift */ = {isa = PBXFileReference; fileEncoding = 4; lastKnownFileType = sourcecode.swift; path = DrawImageViewController.swift; sourceTree = "<group>"; };
		F8FD67591E0A229500D49F01 /* ClockViewController.swift */ = {isa = PBXFileReference; fileEncoding = 4; lastKnownFileType = sourcecode.swift; path = ClockViewController.swift; sourceTree = "<group>"; };
/* End PBXFileReference section */

/* Begin PBXFrameworksBuildPhase section */
		F8321AE11E077B3B00900A52 /* Frameworks */ = {
			isa = PBXFrameworksBuildPhase;
			buildActionMask = 2147483647;
			files = (
				F8321B401E07E04700900A52 /* libsqlite3.0.tbd in Frameworks */,
				F8321B3E1E07C91A00900A52 /* libsqlite3.tbd in Frameworks */,
				1794A56D8E4F9C579D13F8E5 /* Pods_UITCE.framework in Frameworks */,
			);
			runOnlyForDeploymentPostprocessing = 0;
		};
		F8321AF51E077B3C00900A52 /* Frameworks */ = {
			isa = PBXFrameworksBuildPhase;
			buildActionMask = 2147483647;
			files = (
			);
			runOnlyForDeploymentPostprocessing = 0;
		};
		F8321B001E077B3C00900A52 /* Frameworks */ = {
			isa = PBXFrameworksBuildPhase;
			buildActionMask = 2147483647;
			files = (
			);
			runOnlyForDeploymentPostprocessing = 0;
		};
/* End PBXFrameworksBuildPhase section */

/* Begin PBXGroup section */
		8ECFE9DF89DC75995AF2211B /* Pods */ = {
			isa = PBXGroup;
			children = (
				50B2E48914BD192CC2211112 /* Pods-UITCE.debug.xcconfig */,
				35D8EECF6FCD9C1FB246EEB6 /* Pods-UITCE.release.xcconfig */,
			);
			name = Pods;
			sourceTree = "<group>";
		};
		F8321ADB1E077B3B00900A52 = {
			isa = PBXGroup;
			children = (
				F8321B431E07E19A00900A52 /* Header.h */,
				F8321AE61E077B3C00900A52 /* UITCE */,
				F8321AFB1E077B3C00900A52 /* UITCETests */,
				F8321B061E077B3C00900A52 /* UITCEUITests */,
				F8321AE51E077B3C00900A52 /* Products */,
				F8321B3A1E07C91400900A52 /* Frameworks */,
				8ECFE9DF89DC75995AF2211B /* Pods */,
			);
			sourceTree = "<group>";
		};
		F8321AE51E077B3C00900A52 /* Products */ = {
			isa = PBXGroup;
			children = (
				F8321AE41E077B3C00900A52 /* Droplets.ce.app */,
				F8321AF81E077B3C00900A52 /* UITCETests.xctest */,
				F8321B031E077B3C00900A52 /* UITCEUITests.xctest */,
			);
			name = Products;
			sourceTree = "<group>";
		};
		F8321AE61E077B3C00900A52 /* UITCE */ = {
			isa = PBXGroup;
			children = (
				F84948EA1E28E0B7001798E7 /* CustomFont */,
				F8A4FD211E0C169D00AD3972 /* Socket */,
				F8FD67521E0A221100D49F01 /* Func */,
				F8321B441E07E72800900A52 /* DataBase */,
				F8321B1C1E07832F00900A52 /* imageTest */,
				F8321B171E07823800900A52 /* CellHelper */,
				F8321AE71E077B3C00900A52 /* AppDelegate.swift */,
				F8321AE91E077B3C00900A52 /* ViewController.swift */,
				F8321AEB1E077B3C00900A52 /* Main.storyboard */,
				F8321AEE1E077B3C00900A52 /* Assets.xcassets */,
				F8321AF01E077B3C00900A52 /* LaunchScreen.storyboard */,
				F8321AF31E077B3C00900A52 /* Info.plist */,
			);
			path = UITCE;
			sourceTree = "<group>";
		};
		F8321AFB1E077B3C00900A52 /* UITCETests */ = {
			isa = PBXGroup;
			children = (
				F8321AFC1E077B3C00900A52 /* UITCETests.swift */,
				F8321AFE1E077B3C00900A52 /* Info.plist */,
			);
			path = UITCETests;
			sourceTree = "<group>";
		};
		F8321B061E077B3C00900A52 /* UITCEUITests */ = {
			isa = PBXGroup;
			children = (
				F8321B071E077B3C00900A52 /* UITCEUITests.swift */,
				F8321B091E077B3C00900A52 /* Info.plist */,
			);
			path = UITCEUITests;
			sourceTree = "<group>";
		};
		F8321B171E07823800900A52 /* CellHelper */ = {
			isa = PBXGroup;
			children = (
				F8321B181E07826800900A52 /* ImageCollectionViewCell.swift */,
				F8321B191E07826800900A52 /* ImageCollectionViewCell.xib */,
			);
			name = CellHelper;
			sourceTree = "<group>";
		};
		F8321B1C1E07832F00900A52 /* imageTest */ = {
			isa = PBXGroup;
			children = (
				F846E52D1E0D25E4001768CB /* background.jpg */,
				F8321B1D1E07834A00900A52 /* 1.jpg */,
			);
			name = imageTest;
			sourceTree = "<group>";
		};
		F8321B3A1E07C91400900A52 /* Frameworks */ = {
			isa = PBXGroup;
			children = (
				F8321B3F1E07E04700900A52 /* libsqlite3.0.tbd */,
				F8321B3D1E07C91A00900A52 /* libsqlite3.tbd */,
				1CDBB9815D0796CF8892EC31 /* Pods_UITCE.framework */,
			);
			name = Frameworks;
			sourceTree = "<group>";
		};
		F8321B441E07E72800900A52 /* DataBase */ = {
			isa = PBXGroup;
			children = (
				F8E486E81E08D90E00009C45 /* SwiftData.swift */,
				F8E486EA1E08E28300009C45 /* DataProviding.swift */,
			);
			name = DataBase;
			sourceTree = "<group>";
		};
		F84948EA1E28E0B7001798E7 /* CustomFont */ = {
			isa = PBXGroup;
			children = (
				F84948EB1E28E0CD001798E7 /* font1.ttf */,
				F84948EC1E28E0CD001798E7 /* font2.ttf */,
				F84948ED1E28E0CD001798E7 /* font3.ttf */,
				F84948EE1E28E0CD001798E7 /* font4.ttf */,
				F84948EF1E28E0CD001798E7 /* font5.ttf */,
				F84948F01E28E0CD001798E7 /* font6.ttf */,
				F84948F11E28E0CD001798E7 /* font7.ttf */,
				F84948F21E28E0CD001798E7 /* font8.ttf */,
			);
			name = CustomFont;
			sourceTree = "<group>";
		};
		F8A4FD211E0C169D00AD3972 /* Socket */ = {
			isa = PBXGroup;
			children = (
				F85712761E10CA7100132DBB /* Toast.swift */,
				F8A4FD2E1E0C184B00AD3972 /* SocketManager.swift */,
				F8A4FD221E0C16AC00AD3972 /* ysocket.swift */,
				F8A4FD231E0C16AC00AD3972 /* ytcpsocket.c */,
				F8A4FD241E0C16AC00AD3972 /* ytcpsocket.swift */,
				F8A4FD251E0C16AC00AD3972 /* yudpsocket.c */,
				F8A4FD261E0C16AC00AD3972 /* yudpsocket.swift */,
			);
			name = Socket;
			sourceTree = "<group>";
		};
		F8FD67521E0A221100D49F01 /* Func */ = {
			isa = PBXGroup;
			children = (
				F8E486EC1E092C9500009C45 /* ImportPhotoViewController.swift */,
				F8FD67531E0A225200D49F01 /* SettingViewController.swift */,
				F8FD67551E0A227200D49F01 /* DisplayTextViewController.swift */,
				F8FD67571E0A228800D49F01 /* DrawImageViewController.swift */,
				F8FD67591E0A229500D49F01 /* ClockViewController.swift */,
			);
			name = Func;
			sourceTree = "<group>";
		};
/* End PBXGroup section */

/* Begin PBXNativeTarget section */
		F8321AE31E077B3B00900A52 /* UITCE */ = {
			isa = PBXNativeTarget;
			buildConfigurationList = F8321B0C1E077B3C00900A52 /* Build configuration list for PBXNativeTarget "UITCE" */;
			buildPhases = (
				2E16E6A2744BB6C3F591337E /* [CP] Check Pods Manifest.lock */,
				F8321AE01E077B3B00900A52 /* Sources */,
				F8321AE11E077B3B00900A52 /* Frameworks */,
				F8321AE21E077B3B00900A52 /* Resources */,
				FCE1F06FFBBEA0ED8C44A305 /* [CP] Embed Pods Frameworks */,
				D9A1ECCB90CB13901B1327F0 /* [CP] Copy Pods Resources */,
			);
			buildRules = (
			);
			dependencies = (
			);
			name = UITCE;
			productName = UITCE;
			productReference = F8321AE41E077B3C00900A52 /* Droplets.ce.app */;
			productType = "com.apple.product-type.application";
		};
		F8321AF71E077B3C00900A52 /* UITCETests */ = {
			isa = PBXNativeTarget;
			buildConfigurationList = F8321B0F1E077B3C00900A52 /* Build configuration list for PBXNativeTarget "UITCETests" */;
			buildPhases = (
				F8321AF41E077B3C00900A52 /* Sources */,
				F8321AF51E077B3C00900A52 /* Frameworks */,
				F8321AF61E077B3C00900A52 /* Resources */,
			);
			buildRules = (
			);
			dependencies = (
				F8321AFA1E077B3C00900A52 /* PBXTargetDependency */,
			);
			name = UITCETests;
			productName = UITCETests;
			productReference = F8321AF81E077B3C00900A52 /* UITCETests.xctest */;
			productType = "com.apple.product-type.bundle.unit-test";
		};
		F8321B021E077B3C00900A52 /* UITCEUITests */ = {
			isa = PBXNativeTarget;
			buildConfigurationList = F8321B121E077B3C00900A52 /* Build configuration list for PBXNativeTarget "UITCEUITests" */;
			buildPhases = (
				F8321AFF1E077B3C00900A52 /* Sources */,
				F8321B001E077B3C00900A52 /* Frameworks */,
				F8321B011E077B3C00900A52 /* Resources */,
			);
			buildRules = (
			);
			dependencies = (
				F8321B051E077B3C00900A52 /* PBXTargetDependency */,
			);
			name = UITCEUITests;
			productName = UITCEUITests;
			productReference = F8321B031E077B3C00900A52 /* UITCEUITests.xctest */;
			productType = "com.apple.product-type.bundle.ui-testing";
		};
/* End PBXNativeTarget section */

/* Begin PBXProject section */
		F8321ADC1E077B3B00900A52 /* Project object */ = {
			isa = PBXProject;
			attributes = {
				LastSwiftUpdateCheck = 0820;
				LastUpgradeCheck = 0820;
				ORGANIZATIONNAME = "Lee Hoa";
				TargetAttributes = {
					F8321AE31E077B3B00900A52 = {
						CreatedOnToolsVersion = 8.2;
						DevelopmentTeam = 2FXVJFZPXW;
						ProvisioningStyle = Automatic;
					};
					F8321AF71E077B3C00900A52 = {
						CreatedOnToolsVersion = 8.2;
						DevelopmentTeam = 2FXVJFZPXW;
						ProvisioningStyle = Automatic;
						TestTargetID = F8321AE31E077B3B00900A52;
					};
					F8321B021E077B3C00900A52 = {
						CreatedOnToolsVersion = 8.2;
						DevelopmentTeam = 2FXVJFZPXW;
						ProvisioningStyle = Automatic;
						TestTargetID = F8321AE31E077B3B00900A52;
					};
				};
			};
			buildConfigurationList = F8321ADF1E077B3B00900A52 /* Build configuration list for PBXProject "UITCE" */;
			compatibilityVersion = "Xcode 3.2";
			developmentRegion = English;
			hasScannedForEncodings = 0;
			knownRegions = (
				en,
				Base,
			);
			mainGroup = F8321ADB1E077B3B00900A52;
			productRefGroup = F8321AE51E077B3C00900A52 /* Products */;
			projectDirPath = "";
			projectRoot = "";
			targets = (
				F8321AE31E077B3B00900A52 /* UITCE */,
				F8321AF71E077B3C00900A52 /* UITCETests */,
				F8321B021E077B3C00900A52 /* UITCEUITests */,
			);
		};
/* End PBXProject section */

/* Begin PBXResourcesBuildPhase section */
		F8321AE21E077B3B00900A52 /* Resources */ = {
			isa = PBXResourcesBuildPhase;
			buildActionMask = 2147483647;
			files = (
				F84948F41E28E3B8001798E7 /* font2.ttf in Resources */,
				F84948F51E28E3B8001798E7 /* font3.ttf in Resources */,
				F84948F61E28E3B8001798E7 /* font4.ttf in Resources */,
				F84948F71E28E3B8001798E7 /* font5.ttf in Resources */,
				F84948F81E28E3B8001798E7 /* font6.ttf in Resources */,
				F84948F91E28E3B8001798E7 /* font7.ttf in Resources */,
				F84948FA1E28E3B8001798E7 /* font8.ttf in Resources */,
				F84948F31E28E3AA001798E7 /* font1.ttf in Resources */,
				F8321AF21E077B3C00900A52 /* LaunchScreen.storyboard in Resources */,
				F8321AEF1E077B3C00900A52 /* Assets.xcassets in Resources */,
				F8321B1B1E07826800900A52 /* ImageCollectionViewCell.xib in Resources */,
				F846E52E1E0D25E4001768CB /* background.jpg in Resources */,
				F8321AED1E077B3C00900A52 /* Main.storyboard in Resources */,
				F8321B1E1E07834A00900A52 /* 1.jpg in Resources */,
			);
			runOnlyForDeploymentPostprocessing = 0;
		};
		F8321AF61E077B3C00900A52 /* Resources */ = {
			isa = PBXResourcesBuildPhase;
			buildActionMask = 2147483647;
			files = (
			);
			runOnlyForDeploymentPostprocessing = 0;
		};
		F8321B011E077B3C00900A52 /* Resources */ = {
			isa = PBXResourcesBuildPhase;
			buildActionMask = 2147483647;
			files = (
			);
			runOnlyForDeploymentPostprocessing = 0;
		};
/* End PBXResourcesBuildPhase section */

/* Begin PBXShellScriptBuildPhase section */
		2E16E6A2744BB6C3F591337E /* [CP] Check Pods Manifest.lock */ = {
			isa = PBXShellScriptBuildPhase;
			buildActionMask = 2147483647;
			files = (
			);
			inputPaths = (
			);
			name = "[CP] Check Pods Manifest.lock";
			outputPaths = (
			);
			runOnlyForDeploymentPostprocessing = 0;
			shellPath = /bin/sh;
			shellScript = "diff \"${PODS_ROOT}/../Podfile.lock\" \"${PODS_ROOT}/Manifest.lock\" > /dev/null\nif [ $? != 0 ] ; then\n    # print error to STDERR\n    echo \"error: The sandbox is not in sync with the Podfile.lock. Run 'pod install' or update your CocoaPods installation.\" >&2\n    exit 1\nfi\n";
			showEnvVarsInLog = 0;
		};
		D9A1ECCB90CB13901B1327F0 /* [CP] Copy Pods Resources */ = {
			isa = PBXShellScriptBuildPhase;
			buildActionMask = 2147483647;
			files = (
			);
			inputPaths = (
			);
			name = "[CP] Copy Pods Resources";
			outputPaths = (
			);
			runOnlyForDeploymentPostprocessing = 0;
			shellPath = /bin/sh;
			shellScript = "\"${SRCROOT}/Pods/Target Support Files/Pods-UITCE/Pods-UITCE-resources.sh\"\n";
			showEnvVarsInLog = 0;
		};
		FCE1F06FFBBEA0ED8C44A305 /* [CP] Embed Pods Frameworks */ = {
			isa = PBXShellScriptBuildPhase;
			buildActionMask = 2147483647;
			files = (
			);
			inputPaths = (
			);
			name = "[CP] Embed Pods Frameworks";
			outputPaths = (
			);
			runOnlyForDeploymentPostprocessing = 0;
			shellPath = /bin/sh;
			shellScript = "\"${SRCROOT}/Pods/Target Support Files/Pods-UITCE/Pods-UITCE-frameworks.sh\"\n";
			showEnvVarsInLog = 0;
		};
/* End PBXShellScriptBuildPhase section */

/* Begin PBXSourcesBuildPhase section */
		F8321AE01E077B3B00900A52 /* Sources */ = {
			isa = PBXSourcesBuildPhase;
			buildActionMask = 2147483647;
			files = (
				F8E486ED1E092C9500009C45 /* ImportPhotoViewController.swift in Sources */,
				F8E486EB1E08E28300009C45 /* DataProviding.swift in Sources */,
				F85712771E10CA7100132DBB /* Toast.swift in Sources */,
				F8A4FD2F1E0C184B00AD3972 /* SocketManager.swift in Sources */,
				F8321AEA1E077B3C00900A52 /* ViewController.swift in Sources */,
				F8FD675A1E0A229500D49F01 /* ClockViewController.swift in Sources */,
				F8321B1A1E07826800900A52 /* ImageCollectionViewCell.swift in Sources */,
				F8FD67561E0A227200D49F01 /* DisplayTextViewController.swift in Sources */,
				F8A4FD2C1E0C16AC00AD3972 /* yudpsocket.swift in Sources */,
				F8A4FD2B1E0C16AC00AD3972 /* yudpsocket.c in Sources */,
				F8E486E91E08D90E00009C45 /* SwiftData.swift in Sources */,
				F8A4FD281E0C16AC00AD3972 /* ysocket.swift in Sources */,
				F8FD67541E0A225200D49F01 /* SettingViewController.swift in Sources */,
				F8FD67581E0A228800D49F01 /* DrawImageViewController.swift in Sources */,
				F8A4FD291E0C16AC00AD3972 /* ytcpsocket.c in Sources */,
				F8321AE81E077B3C00900A52 /* AppDelegate.swift in Sources */,
				F8A4FD2A1E0C16AC00AD3972 /* ytcpsocket.swift in Sources */,
			);
			runOnlyForDeploymentPostprocessing = 0;
		};
		F8321AF41E077B3C00900A52 /* Sources */ = {
			isa = PBXSourcesBuildPhase;
			buildActionMask = 2147483647;
			files = (
				F8321AFD1E077B3C00900A52 /* UITCETests.swift in Sources */,
			);
			runOnlyForDeploymentPostprocessing = 0;
		};
		F8321AFF1E077B3C00900A52 /* Sources */ = {
			isa = PBXSourcesBuildPhase;
			buildActionMask = 2147483647;
			files = (
				F8321B081E077B3C00900A52 /* UITCEUITests.swift in Sources */,
			);
			runOnlyForDeploymentPostprocessing = 0;
		};
/* End PBXSourcesBuildPhase section */

/* Begin PBXTargetDependency section */
		F8321AFA1E077B3C00900A52 /* PBXTargetDependency */ = {
			isa = PBXTargetDependency;
			target = F8321AE31E077B3B00900A52 /* UITCE */;
			targetProxy = F8321AF91E077B3C00900A52 /* PBXContainerItemProxy */;
		};
		F8321B051E077B3C00900A52 /* PBXTargetDependency */ = {
			isa = PBXTargetDependency;
			target = F8321AE31E077B3B00900A52 /* UITCE */;
			targetProxy = F8321B041E077B3C00900A52 /* PBXContainerItemProxy */;
		};
/* End PBXTargetDependency section */

/* Begin PBXVariantGroup section */
		F8321AEB1E077B3C00900A52 /* Main.storyboard */ = {
			isa = PBXVariantGroup;
			children = (
				F8321AEC1E077B3C00900A52 /* Base */,
			);
			name = Main.storyboard;
			sourceTree = "<group>";
		};
		F8321AF01E077B3C00900A52 /* LaunchScreen.storyboard */ = {
			isa = PBXVariantGroup;
			children = (
				F8321AF11E077B3C00900A52 /* Base */,
			);
			name = LaunchScreen.storyboard;
			sourceTree = "<group>";
		};
/* End PBXVariantGroup section */

/* Begin XCBuildConfiguration section */
		F8321B0A1E077B3C00900A52 /* Debug */ = {
			isa = XCBuildConfiguration;
			buildSettings = {
				ALWAYS_SEARCH_USER_PATHS = NO;
				CLANG_ANALYZER_NONNULL = YES;
				CLANG_CXX_LANGUAGE_STANDARD = "gnu++0x";
				CLANG_CXX_LIBRARY = "libc++";
				CLANG_ENABLE_MODULES = YES;
				CLANG_ENABLE_OBJC_ARC = YES;
				CLANG_WARN_BOOL_CONVERSION = YES;
				CLANG_WARN_CONSTANT_CONVERSION = YES;
				CLANG_WARN_DIRECT_OBJC_ISA_USAGE = YES_ERROR;
				CLANG_WARN_DOCUMENTATION_COMMENTS = YES;
				CLANG_WARN_EMPTY_BODY = YES;
				CLANG_WARN_ENUM_CONVERSION = YES;
				CLANG_WARN_INFINITE_RECURSION = YES;
				CLANG_WARN_INT_CONVERSION = YES;
				CLANG_WARN_OBJC_ROOT_CLASS = YES_ERROR;
				CLANG_WARN_SUSPICIOUS_MOVE = YES;
				CLANG_WARN_UNREACHABLE_CODE = YES;
				CLANG_WARN__DUPLICATE_METHOD_MATCH = YES;
				"CODE_SIGN_IDENTITY[sdk=iphoneos*]" = "iPhone Developer";
				COPY_PHASE_STRIP = NO;
				DEBUG_INFORMATION_FORMAT = dwarf;
				ENABLE_STRICT_OBJC_MSGSEND = YES;
				ENABLE_TESTABILITY = YES;
				GCC_C_LANGUAGE_STANDARD = gnu99;
				GCC_DYNAMIC_NO_PIC = NO;
				GCC_NO_COMMON_BLOCKS = YES;
				GCC_OPTIMIZATION_LEVEL = 0;
				GCC_PREPROCESSOR_DEFINITIONS = (
					"DEBUG=1",
					"$(inherited)",
				);
				GCC_WARN_64_TO_32_BIT_CONVERSION = YES;
				GCC_WARN_ABOUT_RETURN_TYPE = YES_ERROR;
				GCC_WARN_UNDECLARED_SELECTOR = YES;
				GCC_WARN_UNINITIALIZED_AUTOS = YES_AGGRESSIVE;
				GCC_WARN_UNUSED_FUNCTION = YES;
				GCC_WARN_UNUSED_VARIABLE = YES;
				IPHONEOS_DEPLOYMENT_TARGET = 8.0;
				MTL_ENABLE_DEBUG_INFO = YES;
				ONLY_ACTIVE_ARCH = YES;
				SDKROOT = iphoneos;
				SWIFT_ACTIVE_COMPILATION_CONDITIONS = DEBUG;
				SWIFT_OPTIMIZATION_LEVEL = "-Onone";
				TARGETED_DEVICE_FAMILY = "1,2";
			};
			name = Debug;
		};
		F8321B0B1E077B3C00900A52 /* Release */ = {
			isa = XCBuildConfiguration;
			buildSettings = {
				ALWAYS_SEARCH_USER_PATHS = NO;
				CLANG_ANALYZER_NONNULL = YES;
				CLANG_CXX_LANGUAGE_STANDARD = "gnu++0x";
				CLANG_CXX_LIBRARY = "libc++";
				CLANG_ENABLE_MODULES = YES;
				CLANG_ENABLE_OBJC_ARC = YES;
				CLANG_WARN_BOOL_CONVERSION = YES;
				CLANG_WARN_CONSTANT_CONVERSION = YES;
				CLANG_WARN_DIRECT_OBJC_ISA_USAGE = YES_ERROR;
				CLANG_WARN_DOCUMENTATION_COMMENTS = YES;
				CLANG_WARN_EMPTY_BODY = YES;
				CLANG_WARN_ENUM_CONVERSION = YES;
				CLANG_WARN_INFINITE_RECURSION = YES;
				CLANG_WARN_INT_CONVERSION = YES;
				CLANG_WARN_OBJC_ROOT_CLASS = YES_ERROR;
				CLANG_WARN_SUSPICIOUS_MOVE = YES;
				CLANG_WARN_UNREACHABLE_CODE = YES;
				CLANG_WARN__DUPLICATE_METHOD_MATCH = YES;
				"CODE_SIGN_IDENTITY[sdk=iphoneos*]" = "iPhone Developer";
				COPY_PHASE_STRIP = NO;
				DEBUG_INFORMATION_FORMAT = "dwarf-with-dsym";
				ENABLE_NS_ASSERTIONS = NO;
				ENABLE_STRICT_OBJC_MSGSEND = YES;
				GCC_C_LANGUAGE_STANDARD = gnu99;
				GCC_NO_COMMON_BLOCKS = YES;
				GCC_WARN_64_TO_32_BIT_CONVERSION = YES;
				GCC_WARN_ABOUT_RETURN_TYPE = YES_ERROR;
				GCC_WARN_UNDECLARED_SELECTOR = YES;
				GCC_WARN_UNINITIALIZED_AUTOS = YES_AGGRESSIVE;
				GCC_WARN_UNUSED_FUNCTION = YES;
				GCC_WARN_UNUSED_VARIABLE = YES;
				IPHONEOS_DEPLOYMENT_TARGET = 8.0;
				MTL_ENABLE_DEBUG_INFO = NO;
				SDKROOT = iphoneos;
				SWIFT_OPTIMIZATION_LEVEL = "-Owholemodule";
				TARGETED_DEVICE_FAMILY = "1,2";
				VALIDATE_PRODUCT = YES;
			};
			name = Release;
		};
		F8321B0D1E077B3C00900A52 /* Debug */ = {
			isa = XCBuildConfiguration;
			baseConfigurationReference = 50B2E48914BD192CC2211112 /* Pods-UITCE.debug.xcconfig */;
			buildSettings = {
				ASSETCATALOG_COMPILER_APPICON_NAME = AppIcon;
				DEVELOPMENT_TEAM = 2FXVJFZPXW;
				INFOPLIST_FILE = UITCE/Info.plist;
				IPHONEOS_DEPLOYMENT_TARGET = 8.0;
				LD_RUNPATH_SEARCH_PATHS = "$(inherited) @executable_path/Frameworks";
				PRODUCT_BUNDLE_IDENTIFIER = uit.UITCE;
				PRODUCT_NAME = Droplets.ce;
				SWIFT_OBJC_BRIDGING_HEADER = Header.h;
				SWIFT_VERSION = 3.0;
			};
			name = Debug;
		};
		F8321B0E1E077B3C00900A52 /* Release */ = {
			isa = XCBuildConfiguration;
			baseConfigurationReference = 35D8EECF6FCD9C1FB246EEB6 /* Pods-UITCE.release.xcconfig */;
			buildSettings = {
				ASSETCATALOG_COMPILER_APPICON_NAME = AppIcon;
				DEVELOPMENT_TEAM = 2FXVJFZPXW;
				INFOPLIST_FILE = UITCE/Info.plist;
				IPHONEOS_DEPLOYMENT_TARGET = 8.0;
				LD_RUNPATH_SEARCH_PATHS = "$(inherited) @executable_path/Frameworks";
				PRODUCT_BUNDLE_IDENTIFIER = uit.UITCE;
				PRODUCT_NAME = Droplets.ce;
				SWIFT_OBJC_BRIDGING_HEADER = Header.h;
				SWIFT_VERSION = 3.0;
			};
			name = Release;
		};
		F8321B101E077B3C00900A52 /* Debug */ = {
			isa = XCBuildConfiguration;
			buildSettings = {
				ALWAYS_EMBED_SWIFT_STANDARD_LIBRARIES = YES;
				BUNDLE_LOADER = "$(TEST_HOST)";
				DEVELOPMENT_TEAM = 2FXVJFZPXW;
				INFOPLIST_FILE = UITCETests/Info.plist;
				LD_RUNPATH_SEARCH_PATHS = "$(inherited) @executable_path/Frameworks @loader_path/Frameworks";
				PRODUCT_BUNDLE_IDENTIFIER = uit.UITCETests;
				PRODUCT_NAME = "$(TARGET_NAME)";
				SWIFT_VERSION = 3.0;
				TEST_HOST = "$(BUILT_PRODUCTS_DIR)/UITCE.app/UITCE";
			};
			name = Debug;
		};
		F8321B111E077B3C00900A52 /* Release */ = {
			isa = XCBuildConfiguration;
			buildSettings = {
				ALWAYS_EMBED_SWIFT_STANDARD_LIBRARIES = YES;
				BUNDLE_LOADER = "$(TEST_HOST)";
				DEVELOPMENT_TEAM = 2FXVJFZPXW;
				INFOPLIST_FILE = UITCETests/Info.plist;
				LD_RUNPATH_SEARCH_PATHS = "$(inherited) @executable_path/Frameworks @loader_path/Frameworks";
				PRODUCT_BUNDLE_IDENTIFIER = uit.UITCETests;
				PRODUCT_NAME = "$(TARGET_NAME)";
				SWIFT_VERSION = 3.0;
				TEST_HOST = "$(BUILT_PRODUCTS_DIR)/UITCE.app/UITCE";
			};
			name = Release;
		};
		F8321B131E077B3C00900A52 /* Debug */ = {
			isa = XCBuildConfiguration;
			buildSettings = {
				ALWAYS_EMBED_SWIFT_STANDARD_LIBRARIES = YES;
				DEVELOPMENT_TEAM = 2FXVJFZPXW;
				INFOPLIST_FILE = UITCEUITests/Info.plist;
				LD_RUNPATH_SEARCH_PATHS = "$(inherited) @executable_path/Frameworks @loader_path/Frameworks";
				PRODUCT_BUNDLE_IDENTIFIER = uit.UITCEUITests;
				PRODUCT_NAME = "$(TARGET_NAME)";
				SWIFT_VERSION = 3.0;
				TEST_TARGET_NAME = UITCE;
			};
			name = Debug;
		};
		F8321B141E077B3C00900A52 /* Release */ = {
			isa = XCBuildConfiguration;
			buildSettings = {
				ALWAYS_EMBED_SWIFT_STANDARD_LIBRARIES = YES;
				DEVELOPMENT_TEAM = 2FXVJFZPXW;
				INFOPLIST_FILE = UITCEUITests/Info.plist;
				LD_RUNPATH_SEARCH_PATHS = "$(inherited) @executable_path/Frameworks @loader_path/Frameworks";
				PRODUCT_BUNDLE_IDENTIFIER = uit.UITCEUITests;
				PRODUCT_NAME = "$(TARGET_NAME)";
				SWIFT_VERSION = 3.0;
				TEST_TARGET_NAME = UITCE;
			};
			name = Release;
		};
/* End XCBuildConfiguration section */

/* Begin XCConfigurationList section */
		F8321ADF1E077B3B00900A52 /* Build configuration list for PBXProject "UITCE" */ = {
			isa = XCConfigurationList;
			buildConfigurations = (
				F8321B0A1E077B3C00900A52 /* Debug */,
				F8321B0B1E077B3C00900A52 /* Release */,
			);
			defaultConfigurationIsVisible = 0;
			defaultConfigurationName = Release;
		};
		F8321B0C1E077B3C00900A52 /* Build configuration list for PBXNativeTarget "UITCE" */ = {
			isa = XCConfigurationList;
			buildConfigurations = (
				F8321B0D1E077B3C00900A52 /* Debug */,
				F8321B0E1E077B3C00900A52 /* Release */,
			);
			defaultConfigurationIsVisible = 0;
			defaultConfigurationName = Release;
		};
		F8321B0F1E077B3C00900A52 /* Build configuration list for PBXNativeTarget "UITCETests" */ = {
			isa = XCConfigurationList;
			buildConfigurations = (
				F8321B101E077B3C00900A52 /* Debug */,
				F8321B111E077B3C00900A52 /* Release */,
			);
			defaultConfigurationIsVisible = 0;
			defaultConfigurationName = Release;
		};
		F8321B121E077B3C00900A52 /* Build configuration list for PBXNativeTarget "UITCEUITests" */ = {
			isa = XCConfigurationList;
			buildConfigurations = (
				F8321B131E077B3C00900A52 /* Debug */,
				F8321B141E077B3C00900A52 /* Release */,
			);
			defaultConfigurationIsVisible = 0;
			defaultConfigurationName = Release;
		};
/* End XCConfigurationList section */
	};
	rootObject = F8321ADC1E077B3B00900A52 /* Project object */;
}
